PODS:
  - AFNetworking (2.6.3):
    - AFNetworking/NSURLConnection (= 2.6.3)
    - AFNetworking/NSURLSession (= 2.6.3)
    - AFNetworking/Reachability (= 2.6.3)
    - AFNetworking/Security (= 2.6.3)
    - AFNetworking/Serialization (= 2.6.3)
    - AFNetworking/UIKit (= 2.6.3)
  - AFNetworking/NSURLConnection (2.6.3):
    - AFNetworking/Reachability
    - AFNetworking/Security
    - AFNetworking/Serialization
  - AFNetworking/NSURLSession (2.6.3):
    - AFNetworking/Reachability
    - AFNetworking/Security
    - AFNetworking/Serialization
  - AFNetworking/Reachability (2.6.3)
  - AFNetworking/Security (2.6.3)
  - AFNetworking/Serialization (2.6.3)
  - AFNetworking/UIKit (2.6.3):
    - AFNetworking/NSURLConnection
    - AFNetworking/NSURLSession
  - AVOSCloud (3.3.5)
  - AVOSCloudIM (3.3.5):
    - AVOSCloud
  - BlocksKit (2.2.5):
    - BlocksKit/All (= 2.2.5)
  - BlocksKit/All (2.2.5):
    - BlocksKit/Core
    - BlocksKit/DynamicDelegate
    - BlocksKit/MessageUI
    - BlocksKit/UIKit
  - BlocksKit/Core (2.2.5)
  - BlocksKit/DynamicDelegate (2.2.5)
  - BlocksKit/MessageUI (2.2.5):
    - BlocksKit/Core
    - BlocksKit/DynamicDelegate
  - BlocksKit/UIKit (2.2.5):
    - BlocksKit/Core
    - BlocksKit/DynamicDelegate
  - CocoaLumberjack (2.3.0):
    - CocoaLumberjack/Default (= 2.3.0)
    - CocoaLumberjack/Extensions (= 2.3.0)
  - CocoaLumberjack/Core (2.3.0)
  - CocoaLumberjack/Default (2.3.0):
    - CocoaLumberjack/Core
  - CocoaLumberjack/Extensions (2.3.0):
    - CocoaLumberjack/Default
  - Crashlytics (3.7.2):
    - Fabric (~> 1.6.3)
  - DACircularProgress (2.3.1)
  - DateTools (1.7.0)
  - DGActivityIndicatorView (2.0)
  - Fabric (1.6.7)
  - GJAlertController (1.0.0)
  - IQKeyboardManager (4.0.4)
  - JSBadgeView (1.4.1)
  - JSQMessagesViewController (7.3.3):
    - JSQSystemSoundPlayer (~> 2.0.1)
  - JSQSystemSoundPlayer (2.0.1)
  - LeanCloudFeedback (0.1.1):
    - AVOSCloud
  - LeanCloudSocial (0.0.8):
    - AFNetworking (~> 2.0)
    - AVOSCloud (~> 3.1)
  - Masonry (1.0.1)
  - MBProgressHUD (0.9.2)
  - MJRefresh (3.1.10)
  - MWPhotoBrowser (2.1.2):
    - DACircularProgress (~> 2.3)
    - MBProgressHUD (~> 0.9)
    - SDWebImage (!= 3.7.2, ~> 3.7)
  - QBImagePickerController (3.4.0)
  - Reachability (3.2)
  - RealReachability (1.1.7):
    - RealReachability/Connection (= 1.1.7)
    - RealReachability/Ping (= 1.1.7)
  - RealReachability/Connection (1.1.7)
  - RealReachability/Ping (1.1.7)
  - Reveal-iOS-SDK (1.6.2)
  - SCSiriWaveformView (1.0.3)
  - SDWebImage (3.8.1):
    - SDWebImage/Core (= 3.8.1)
  - SDWebImage/Core (3.8.1)
  - YapDatabase (2.9.1):
    - YapDatabase/Standard (= 2.9.1)
  - YapDatabase/Standard (2.9.1):
    - YapDatabase/Standard/Core (= 2.9.1)
    - YapDatabase/Standard/Extensions (= 2.9.1)
  - YapDatabase/Standard/Core (2.9.1):
    - CocoaLumberjack (~> 2)
  - YapDatabase/Standard/Extensions (2.9.1):
    - YapDatabase/Standard/Core
    - YapDatabase/Standard/Extensions/ActionManager (= 2.9.1)
    - YapDatabase/Standard/Extensions/CloudKit (= 2.9.1)
    - YapDatabase/Standard/Extensions/ConnectionProxy (= 2.9.1)
    - YapDatabase/Standard/Extensions/CrossProcessNotification (= 2.9.1)
    - YapDatabase/Standard/Extensions/FilteredViews (= 2.9.1)
    - YapDatabase/Standard/Extensions/FullTextSearch (= 2.9.1)
    - YapDatabase/Standard/Extensions/Hooks (= 2.9.1)
    - YapDatabase/Standard/Extensions/Relationships (= 2.9.1)
    - YapDatabase/Standard/Extensions/RTreeIndex (= 2.9.1)
    - YapDatabase/Standard/Extensions/SearchResults (= 2.9.1)
    - YapDatabase/Standard/Extensions/SecondaryIndex (= 2.9.1)
    - YapDatabase/Standard/Extensions/Views (= 2.9.1)
  - YapDatabase/Standard/Extensions/ActionManager (2.9.1):
    - Reachability (~> 3)
    - YapDatabase/Standard/Core
    - YapDatabase/Standard/Extensions/Views
  - YapDatabase/Standard/Extensions/CloudKit (2.9.1):
    - YapDatabase/Standard/Core
  - YapDatabase/Standard/Extensions/ConnectionProxy (2.9.1):
    - YapDatabase/Standard/Core
  - YapDatabase/Standard/Extensions/CrossProcessNotification (2.9.1):
    - YapDatabase/Standard/Core
  - YapDatabase/Standard/Extensions/FilteredViews (2.9.1):
    - YapDatabase/Standard/Core
    - YapDatabase/Standard/Extensions/Views
  - YapDatabase/Standard/Extensions/FullTextSearch (2.9.1):
    - YapDatabase/Standard/Core
  - YapDatabase/Standard/Extensions/Hooks (2.9.1):
    - YapDatabase/Standard/Core
  - YapDatabase/Standard/Extensions/Relationships (2.9.1):
    - YapDatabase/Standard/Core
  - YapDatabase/Standard/Extensions/RTreeIndex (2.9.1):
    - YapDatabase/Standard/Core
  - YapDatabase/Standard/Extensions/SearchResults (2.9.1):
    - YapDatabase/Standard/Core
    - YapDatabase/Standard/Extensions/FullTextSearch
    - YapDatabase/Standard/Extensions/Views
  - YapDatabase/Standard/Extensions/SecondaryIndex (2.9.1):
    - YapDatabase/Standard/Core
  - YapDatabase/Standard/Extensions/Views (2.9.1):
    - YapDatabase/Standard/Core

DEPENDENCIES:
  - AVOSCloud
  - AVOSCloudIM
  - BlocksKit
  - Crashlytics
  - DateTools
  - DGActivityIndicatorView
  - Fabric
  - GJAlertController
  - IQKeyboardManager
  - JSBadgeView
  - JSQMessagesViewController
  - LeanCloudFeedback
  - LeanCloudSocial
  - Masonry
  - MBProgressHUD
  - MJRefresh
  - MWPhotoBrowser
  - QBImagePickerController
  - RealReachability
  - Reveal-iOS-SDK
  - SCSiriWaveformView
  - YapDatabase

SPEC CHECKSUMS:
  AFNetworking: cb8d14a848e831097108418f5d49217339d4eb60
  AVOSCloud: 1fe170768bee7e05bc3ea86e38d5bddb105cb957
  AVOSCloudIM: dc307c48e951fcd861f4ae6db6d807e7b40639c8
  BlocksKit: 7f422b971407001178d181a43b99014ea2591fe6
  CocoaLumberjack: 97fab7ee5f507fe54445cca7ea80f926729cfd15
  Crashlytics: 130ab943f8c78cda7a814b434f270b2e2c8a3cba
  DACircularProgress: 4dd437c0fc3da5161cb289e07ac449493d41db71
  DateTools: 53288ee8b905fdc75897a1e6b5cc0144b14cba60
  DGActivityIndicatorView: 52875b025a6ccf6a431a905285c12e2bb95eb559
  Fabric: caf7580c725e64db144f610ac65cd60956911dc7
  GJAlertController: 71a7f2072451bc37b780d78379c9ee4b6f357dd2
  IQKeyboardManager: 4a6f83b540283c2645aaeba2bd8dc0f09b5c77f8
  JSBadgeView: 3861ddee41094284d9468e6d0af5107f703aaac5
  JSQMessagesViewController: 0ee3f80237268192a3e8337fd0d787f1a1bf5a7a
  JSQSystemSoundPlayer: c5850e77a4363ffd374cd851154b9af93264ed8d
  LeanCloudFeedback: 686305ea196931c7eae49800c384e42d78408482
  LeanCloudSocial: f7787dfc1559dc47263bbfd37a03c870352ad98a
  Masonry: a1a931a0d08870ed8ae415a2ea5ea68ebcac77df
  MBProgressHUD: 1569cf7ace17a8bac47aabfbb8580a49690386d1
  MJRefresh: bb72948c985914b0b5cecac573a2c69a8915fb02
  MWPhotoBrowser: 5836d7aa041dc05a13de380c246826578adc5ea5
  QBImagePickerController: d54cf93db6decf26baf6ed3472f336ef35cae022
  Reachability: 33e18b67625424e47b6cde6d202dce689ad7af96
  RealReachability: 8b6644c6b3145f7552ed83bffb52c49b0f3b55e3
  Reveal-iOS-SDK: e2250b3c155bcfac53ae223ddc1f76d08f206c33
  SCSiriWaveformView: b8b2756af42addcd31900c3945f24edafefb5395
  SDWebImage: 35f9627a3e44b4f292a8a8ce6a531fa488239b91
  YapDatabase: 713d4018cfacbd6e77dd430710ca84730e450980

PODFILE CHECKSUM: dde5d06cce2bf4a7dc1648a97cc4f68b91d32878

COCOAPODS: 1.0.1
