PODS:
  - AVOSCloud (3.2.6)
  - AVOSCloudIM (3.2.6):
    - AVOSCloud
  - DACircularProgress (2.3.1)
  - GJAlertController (1.0.0)
  - JSQMessagesViewController (7.2.0):
    - JSQSystemSoundPlayer (~> 2.0.1)
  - JSQSystemSoundPlayer (2.0.1)
  - LeanCloudFeedback (0.1.1):
    - AVOSCloud
  - MBProgressHUD (0.9.2)
  - MWPhotoBrowser (2.1.1):
    - DACircularProgress (~> 2.3)
    - MBProgressHUD (~> 0.9)
    - SDWebImage (!= 3.7.2, ~> 3.7)
  - SDWebImage (3.7.5):
    - SDWebImage/Core (= 3.7.5)
  - SDWebImage/Core (3.7.5)

DEPENDENCIES:
  - AVOSCloud
  - AVOSCloudIM
  - GJAlertController
  - JSQMessagesViewController
  - LeanCloudFeedback
  - MBProgressHUD
  - MWPhotoBrowser

SPEC CHECKSUMS:
  AVOSCloud: 08ba88573fca8559dfc658942b391c4568fabfc0
  AVOSCloudIM: 9b23286bf2a86b8a7440c70762990dcb15092d52
  DACircularProgress: 4dd437c0fc3da5161cb289e07ac449493d41db71
  GJAlertController: 71a7f2072451bc37b780d78379c9ee4b6f357dd2
  JSQMessagesViewController: 73cab48aa92fc2d512f3b6724f3425cc47a19eb5
  JSQSystemSoundPlayer: c5850e77a4363ffd374cd851154b9af93264ed8d
  LeanCloudFeedback: 686305ea196931c7eae49800c384e42d78408482
  MBProgressHUD: 1569cf7ace17a8bac47aabfbb8580a49690386d1
  MWPhotoBrowser: ba0d0c09ffda3a7ea10093518738c502c1c7141c
  SDWebImage: 69c6303e3348fba97e03f65d65d4fbc26740f461

COCOAPODS: 0.39.0
